
Microsoft Visual Studio Solution File, Format Version 12.00
# Visual Studio Version 17
VisualStudioVersion = 17.8.34316.72
MinimumVisualStudioVersion = 10.0.40219.1
Project("{9A19103F-16F7-4668-BE54-9A1E7A4F7556}") = "MovieMarket", "MovieMarket\MovieMarket.csproj", "{0992AFBB-94EC-4326-9650-7977F30EAB8A}"
EndProject
Project("{9A19103F-16F7-4668-BE54-9A1E7A4F7556}") = "MovieMarket.DataAccess", "MovieMarket.DataAccess\MovieMarket.DataAccess.csproj", "{20AA6E30-11B0-4DB9-A8EB-0C786BD32944}"
EndProject
Project("{9A19103F-16F7-4668-BE54-9A1E7A4F7556}") = "MovieMarket.Models", "MovieMarket.Models\MovieMarket.Models.csproj", "{B1CD6E37-CA69-46F0-B7DB-7E61E03238CC}"
EndProject
Project("{9A19103F-16F7-4668-BE54-9A1E7A4F7556}") = "MovieMarket.Services", "MovieMarket.Services\MovieMarket.Services.csproj", "{58FF23B6-8C73-4376-801E-F1B386E5411D}"
EndProject
Global
	GlobalSection(SolutionConfigurationPlatforms) = preSolution
		Debug|Any CPU = Debug|Any CPU
		Release|Any CPU = Release|Any CPU
	EndGlobalSection
	GlobalSection(ProjectConfigurationPlatforms) = postSolution
		{0992AFBB-94EC-4326-9650-7977F30EAB8A}.Debug|Any CPU.ActiveCfg = Debug|Any CPU
		{0992AFBB-94EC-4326-9650-7977F30EAB8A}.Debug|Any CPU.Build.0 = Debug|Any CPU
		{0992AFBB-94EC-4326-9650-7977F30EAB8A}.Release|Any CPU.ActiveCfg = Release|Any CPU
		{0992AFBB-94EC-4326-9650-7977F30EAB8A}.Release|Any CPU.Build.0 = Release|Any CPU
		{20AA6E30-11B0-4DB9-A8EB-0C786BD32944}.Debug|Any CPU.ActiveCfg = Debug|Any CPU
		{20AA6E30-11B0-4DB9-A8EB-0C786BD32944}.Debug|Any CPU.Build.0 = Debug|Any CPU
		{20AA6E30-11B0-4DB9-A8EB-0C786BD32944}.Release|Any CPU.ActiveCfg = Release|Any CPU
		{20AA6E30-11B0-4DB9-A8EB-0C786BD32944}.Release|Any CPU.Build.0 = Release|Any CPU
		{B1CD6E37-CA69-46F0-B7DB-7E61E03238CC}.Debug|Any CPU.ActiveCfg = Debug|Any CPU
		{B1CD6E37-CA69-46F0-B7DB-7E61E03238CC}.Debug|Any CPU.Build.0 = Debug|Any CPU
		{B1CD6E37-CA69-46F0-B7DB-7E61E03238CC}.Release|Any CPU.ActiveCfg = Release|Any CPU
		{B1CD6E37-CA69-46F0-B7DB-7E61E03238CC}.Release|Any CPU.Build.0 = Release|Any CPU
		{58FF23B6-8C73-4376-801E-F1B386E5411D}.Debug|Any CPU.ActiveCfg = Debug|Any CPU
		{58FF23B6-8C73-4376-801E-F1B386E5411D}.Debug|Any CPU.Build.0 = Debug|Any CPU
		{58FF23B6-8C73-4376-801E-F1B386E5411D}.Release|Any CPU.ActiveCfg = Release|Any CPU
		{58FF23B6-8C73-4376-801E-F1B386E5411D}.Release|Any CPU.Build.0 = Release|Any CPU
	EndGlobalSection
	GlobalSection(SolutionProperties) = preSolution
		HideSolutionNode = FALSE
	EndGlobalSection
	GlobalSection(ExtensibilityGlobals) = postSolution
		SolutionGuid = {E6714C15-2FE0-4AA3-9CAD-D1406A708E9F}
	EndGlobalSection
EndGlobal
